
Microsoft Visual Studio Solution File, Format Version 12.00
# Visual Studio Version 17
VisualStudioVersion = 17.7.34009.444
MinimumVisualStudioVersion = 10.0.40219.1
Project("{FAE04EC0-301F-11D3-BF4B-00C04F79EFBC}") = "ProdutosApp.Services", "ProdutosApp.Services\ProdutosApp.Services.csproj", "{A22E389B-1F66-4C1D-A663-34B161946FD8}"
EndProject
Global
	GlobalSection(SolutionConfigurationPlatforms) = preSolution
		Debug|Any CPU = Debug|Any CPU
		Release|Any CPU = Release|Any CPU
	EndGlobalSection
	GlobalSection(ProjectConfigurationPlatforms) = postSolution
		{A22E389B-1F66-4C1D-A663-34B161946FD8}.Debug|Any CPU.ActiveCfg = Debug|Any CPU
		{A22E389B-1F66-4C1D-A663-34B161946FD8}.Debug|Any CPU.Build.0 = Debug|Any CPU
		{A22E389B-1F66-4C1D-A663-34B161946FD8}.Release|Any CPU.ActiveCfg = Release|Any CPU
		{A22E389B-1F66-4C1D-A663-34B161946FD8}.Release|Any CPU.Build.0 = Release|Any CPU
	EndGlobalSection
	GlobalSection(SolutionProperties) = preSolution
		HideSolutionNode = FALSE
	EndGlobalSection
	GlobalSection(ExtensibilityGlobals) = postSolution
		SolutionGuid = {2C884506-AA26-4C33-92A9-1F68F45BF92A}
	EndGlobalSection
EndGlobal
